
Microsoft Visual Studio Solution File, Format Version 12.00
# Visual Studio Version 17
VisualStudioVersion = 17.1.32319.34
MinimumVisualStudioVersion = 10.0.40219.1
Project("{FAE04EC0-301F-11D3-BF4B-00C04F79EFBC}") = "AbstractFactory", "AbstractFactory\AbstractFactory.csproj", "{156BE34E-AA25-4300-A54F-A7F0B44442C9}"
EndProject
Global
	GlobalSection(SolutionConfigurationPlatforms) = preSolution
		Debug|Any CPU = Debug|Any CPU
		Release|Any CPU = Release|Any CPU
	EndGlobalSection
	GlobalSection(ProjectConfigurationPlatforms) = postSolution
		{156BE34E-AA25-4300-A54F-A7F0B44442C9}.Debug|Any CPU.ActiveCfg = Debug|Any CPU
		{156BE34E-AA25-4300-A54F-A7F0B44442C9}.Debug|Any CPU.Build.0 = Debug|Any CPU
		{156BE34E-AA25-4300-A54F-A7F0B44442C9}.Release|Any CPU.ActiveCfg = Release|Any CPU
		{156BE34E-AA25-4300-A54F-A7F0B44442C9}.Release|Any CPU.Build.0 = Release|Any CPU
	EndGlobalSection
	GlobalSection(SolutionProperties) = preSolution
		HideSolutionNode = FALSE
	EndGlobalSection
	GlobalSection(ExtensibilityGlobals) = postSolution
		SolutionGuid = {532FD17A-DDE2-4B7F-888B-BC370B26B24F}
	EndGlobalSection
EndGlobal
