
Microsoft Visual Studio Solution File, Format Version 12.00
# Visual Studio Version 17
VisualStudioVersion = 17.1.32319.34
MinimumVisualStudioVersion = 10.0.40219.1
Project("{FAE04EC0-301F-11D3-BF4B-00C04F79EFBC}") = "Balking", "Balking\Balking.csproj", "{30BAC2E1-A4DC-4A35-8E28-BD7BDD27345B}"
EndProject
Global
	GlobalSection(SolutionConfigurationPlatforms) = preSolution
		Debug|Any CPU = Debug|Any CPU
		Release|Any CPU = Release|Any CPU
	EndGlobalSection
	GlobalSection(ProjectConfigurationPlatforms) = postSolution
		{30BAC2E1-A4DC-4A35-8E28-BD7BDD27345B}.Debug|Any CPU.ActiveCfg = Debug|Any CPU
		{30BAC2E1-A4DC-4A35-8E28-BD7BDD27345B}.Debug|Any CPU.Build.0 = Debug|Any CPU
		{30BAC2E1-A4DC-4A35-8E28-BD7BDD27345B}.Release|Any CPU.ActiveCfg = Release|Any CPU
		{30BAC2E1-A4DC-4A35-8E28-BD7BDD27345B}.Release|Any CPU.Build.0 = Release|Any CPU
	EndGlobalSection
	GlobalSection(SolutionProperties) = preSolution
		HideSolutionNode = FALSE
	EndGlobalSection
	GlobalSection(ExtensibilityGlobals) = postSolution
		SolutionGuid = {1A9093CC-4D9C-4ACD-9B4F-40CCF7C89D3A}
	EndGlobalSection
EndGlobal
