
Microsoft Visual Studio Solution File, Format Version 12.00
# Visual Studio Version 17
VisualStudioVersion = 17.7.34202.233
MinimumVisualStudioVersion = 10.0.40219.1
Project("{FAE04EC0-301F-11D3-BF4B-00C04F79EFBC}") = "PipeClient", "PipeClient\PipeClient.csproj", "{AF979AC3-BC48-45E2-9158-FE3A7B8665E5}"
EndProject
Global
	GlobalSection(SolutionConfigurationPlatforms) = preSolution
		Debug|Any CPU = Debug|Any CPU
		Release|Any CPU = Release|Any CPU
	EndGlobalSection
	GlobalSection(ProjectConfigurationPlatforms) = postSolution
		{AF979AC3-BC48-45E2-9158-FE3A7B8665E5}.Debug|Any CPU.ActiveCfg = Debug|Any CPU
		{AF979AC3-BC48-45E2-9158-FE3A7B8665E5}.Debug|Any CPU.Build.0 = Debug|Any CPU
		{AF979AC3-BC48-45E2-9158-FE3A7B8665E5}.Release|Any CPU.ActiveCfg = Release|Any CPU
		{AF979AC3-BC48-45E2-9158-FE3A7B8665E5}.Release|Any CPU.Build.0 = Release|Any CPU
	EndGlobalSection
	GlobalSection(SolutionProperties) = preSolution
		HideSolutionNode = FALSE
	EndGlobalSection
	GlobalSection(ExtensibilityGlobals) = postSolution
		SolutionGuid = {14C864D5-2924-4D60-B831-ACBFBFA027D0}
	EndGlobalSection
EndGlobal
