
Microsoft Visual Studio Solution File, Format Version 12.00
# Visual Studio Version 17
VisualStudioVersion = 17.1.32319.34
MinimumVisualStudioVersion = 10.0.40219.1
Project("{FAE04EC0-301F-11D3-BF4B-00C04F79EFBC}") = "Monostate", "Monostate\Monostate.csproj", "{F75F0FE2-8A29-4844-89F3-C554132498BD}"
EndProject
Global
	GlobalSection(SolutionConfigurationPlatforms) = preSolution
		Debug|Any CPU = Debug|Any CPU
		Release|Any CPU = Release|Any CPU
	EndGlobalSection
	GlobalSection(ProjectConfigurationPlatforms) = postSolution
		{F75F0FE2-8A29-4844-89F3-C554132498BD}.Debug|Any CPU.ActiveCfg = Debug|Any CPU
		{F75F0FE2-8A29-4844-89F3-C554132498BD}.Debug|Any CPU.Build.0 = Debug|Any CPU
		{F75F0FE2-8A29-4844-89F3-C554132498BD}.Release|Any CPU.ActiveCfg = Release|Any CPU
		{F75F0FE2-8A29-4844-89F3-C554132498BD}.Release|Any CPU.Build.0 = Release|Any CPU
	EndGlobalSection
	GlobalSection(SolutionProperties) = preSolution
		HideSolutionNode = FALSE
	EndGlobalSection
	GlobalSection(ExtensibilityGlobals) = postSolution
		SolutionGuid = {AF1EBDEB-BEFF-4F2C-8B7B-37FA44AC79BF}
	EndGlobalSection
EndGlobal
