
Microsoft Visual Studio Solution File, Format Version 12.00
# Visual Studio Version 17
VisualStudioVersion = 17.1.32319.34
MinimumVisualStudioVersion = 10.0.40219.1
Project("{FAE04EC0-301F-11D3-BF4B-00C04F79EFBC}") = "Facade", "Facade\Facade.csproj", "{AFDC3B2A-603B-4400-BA40-0F38D911310C}"
EndProject
Global
	GlobalSection(SolutionConfigurationPlatforms) = preSolution
		Debug|Any CPU = Debug|Any CPU
		Release|Any CPU = Release|Any CPU
	EndGlobalSection
	GlobalSection(ProjectConfigurationPlatforms) = postSolution
		{AFDC3B2A-603B-4400-BA40-0F38D911310C}.Debug|Any CPU.ActiveCfg = Debug|Any CPU
		{AFDC3B2A-603B-4400-BA40-0F38D911310C}.Debug|Any CPU.Build.0 = Debug|Any CPU
		{AFDC3B2A-603B-4400-BA40-0F38D911310C}.Release|Any CPU.ActiveCfg = Release|Any CPU
		{AFDC3B2A-603B-4400-BA40-0F38D911310C}.Release|Any CPU.Build.0 = Release|Any CPU
	EndGlobalSection
	GlobalSection(SolutionProperties) = preSolution
		HideSolutionNode = FALSE
	EndGlobalSection
	GlobalSection(ExtensibilityGlobals) = postSolution
		SolutionGuid = {F3BAB90D-7AD4-4526-86C3-6DD5735F690A}
	EndGlobalSection
EndGlobal
