
Microsoft Visual Studio Solution File, Format Version 12.00
# Visual Studio Version 17
VisualStudioVersion = 17.1.32319.34
MinimumVisualStudioVersion = 10.0.40219.1
Project("{FAE04EC0-301F-11D3-BF4B-00C04F79EFBC}") = "Flyweight", "Flyweight\Flyweight.csproj", "{92AA5E44-3078-4148-BA2F-30443CBD700C}"
EndProject
Global
	GlobalSection(SolutionConfigurationPlatforms) = preSolution
		Debug|Any CPU = Debug|Any CPU
		Release|Any CPU = Release|Any CPU
	EndGlobalSection
	GlobalSection(ProjectConfigurationPlatforms) = postSolution
		{92AA5E44-3078-4148-BA2F-30443CBD700C}.Debug|Any CPU.ActiveCfg = Debug|Any CPU
		{92AA5E44-3078-4148-BA2F-30443CBD700C}.Debug|Any CPU.Build.0 = Debug|Any CPU
		{92AA5E44-3078-4148-BA2F-30443CBD700C}.Release|Any CPU.ActiveCfg = Release|Any CPU
		{92AA5E44-3078-4148-BA2F-30443CBD700C}.Release|Any CPU.Build.0 = Release|Any CPU
	EndGlobalSection
	GlobalSection(SolutionProperties) = preSolution
		HideSolutionNode = FALSE
	EndGlobalSection
	GlobalSection(ExtensibilityGlobals) = postSolution
		SolutionGuid = {C5341140-C501-406B-9433-0FD1F5845158}
	EndGlobalSection
EndGlobal
