
Microsoft Visual Studio Solution File, Format Version 12.00
# Visual Studio Version 17
VisualStudioVersion = 17.1.32319.34
MinimumVisualStudioVersion = 10.0.40219.1
Project("{FAE04EC0-301F-11D3-BF4B-00C04F79EFBC}") = "State", "State\State.csproj", "{9B2A1060-D364-4752-8735-B3253CDA9E3B}"
EndProject
Global
	GlobalSection(SolutionConfigurationPlatforms) = preSolution
		Debug|Any CPU = Debug|Any CPU
		Release|Any CPU = Release|Any CPU
	EndGlobalSection
	GlobalSection(ProjectConfigurationPlatforms) = postSolution
		{9B2A1060-D364-4752-8735-B3253CDA9E3B}.Debug|Any CPU.ActiveCfg = Debug|Any CPU
		{9B2A1060-D364-4752-8735-B3253CDA9E3B}.Debug|Any CPU.Build.0 = Debug|Any CPU
		{9B2A1060-D364-4752-8735-B3253CDA9E3B}.Release|Any CPU.ActiveCfg = Release|Any CPU
		{9B2A1060-D364-4752-8735-B3253CDA9E3B}.Release|Any CPU.Build.0 = Release|Any CPU
	EndGlobalSection
	GlobalSection(SolutionProperties) = preSolution
		HideSolutionNode = FALSE
	EndGlobalSection
	GlobalSection(ExtensibilityGlobals) = postSolution
		SolutionGuid = {3AE607E1-6ACD-41A8-9B73-1F6711722C0C}
	EndGlobalSection
EndGlobal
