
Microsoft Visual Studio Solution File, Format Version 12.00
# Visual Studio Version 17
VisualStudioVersion = 17.7.34202.233
MinimumVisualStudioVersion = 10.0.40219.1
Project("{FAE04EC0-301F-11D3-BF4B-00C04F79EFBC}") = "PipeServer", "PipeServer\PipeServer.csproj", "{F4A1ABF7-E1BB-4B99-8D47-D35D18B8822C}"
EndProject
Global
	GlobalSection(SolutionConfigurationPlatforms) = preSolution
		Debug|Any CPU = Debug|Any CPU
		Release|Any CPU = Release|Any CPU
	EndGlobalSection
	GlobalSection(ProjectConfigurationPlatforms) = postSolution
		{F4A1ABF7-E1BB-4B99-8D47-D35D18B8822C}.Debug|Any CPU.ActiveCfg = Debug|Any CPU
		{F4A1ABF7-E1BB-4B99-8D47-D35D18B8822C}.Debug|Any CPU.Build.0 = Debug|Any CPU
		{F4A1ABF7-E1BB-4B99-8D47-D35D18B8822C}.Release|Any CPU.ActiveCfg = Release|Any CPU
		{F4A1ABF7-E1BB-4B99-8D47-D35D18B8822C}.Release|Any CPU.Build.0 = Release|Any CPU
	EndGlobalSection
	GlobalSection(SolutionProperties) = preSolution
		HideSolutionNode = FALSE
	EndGlobalSection
	GlobalSection(ExtensibilityGlobals) = postSolution
		SolutionGuid = {B4523B9C-F4BB-46F6-90AD-AA3665A65C89}
	EndGlobalSection
EndGlobal
