
Microsoft Visual Studio Solution File, Format Version 12.00
# Visual Studio Version 17
VisualStudioVersion = 17.1.32319.34
MinimumVisualStudioVersion = 10.0.40219.1
Project("{FAE04EC0-301F-11D3-BF4B-00C04F79EFBC}") = "SingleActiveInstanceSingleton", "SingleActiveInstanceSingleton\SingleActiveInstanceSingleton.csproj", "{844C500F-6DEA-4419-9B65-A010BB6109F6}"
EndProject
Global
	GlobalSection(SolutionConfigurationPlatforms) = preSolution
		Debug|Any CPU = Debug|Any CPU
		Release|Any CPU = Release|Any CPU
	EndGlobalSection
	GlobalSection(ProjectConfigurationPlatforms) = postSolution
		{844C500F-6DEA-4419-9B65-A010BB6109F6}.Debug|Any CPU.ActiveCfg = Debug|Any CPU
		{844C500F-6DEA-4419-9B65-A010BB6109F6}.Debug|Any CPU.Build.0 = Debug|Any CPU
		{844C500F-6DEA-4419-9B65-A010BB6109F6}.Release|Any CPU.ActiveCfg = Release|Any CPU
		{844C500F-6DEA-4419-9B65-A010BB6109F6}.Release|Any CPU.Build.0 = Release|Any CPU
	EndGlobalSection
	GlobalSection(SolutionProperties) = preSolution
		HideSolutionNode = FALSE
	EndGlobalSection
	GlobalSection(ExtensibilityGlobals) = postSolution
		SolutionGuid = {BE2306DE-2480-4E67-95BD-B85CC1DA8902}
	EndGlobalSection
EndGlobal
