
Microsoft Visual Studio Solution File, Format Version 12.00
# Visual Studio Version 17
VisualStudioVersion = 17.1.32319.34
MinimumVisualStudioVersion = 10.0.40219.1
Project("{FAE04EC0-301F-11D3-BF4B-00C04F79EFBC}") = "Strategy", "Strategy\Strategy.csproj", "{F6A0625F-B2D8-4D7F-8398-3E37CA5BC854}"
EndProject
Global
	GlobalSection(SolutionConfigurationPlatforms) = preSolution
		Debug|Any CPU = Debug|Any CPU
		Release|Any CPU = Release|Any CPU
	EndGlobalSection
	GlobalSection(ProjectConfigurationPlatforms) = postSolution
		{F6A0625F-B2D8-4D7F-8398-3E37CA5BC854}.Debug|Any CPU.ActiveCfg = Debug|Any CPU
		{F6A0625F-B2D8-4D7F-8398-3E37CA5BC854}.Debug|Any CPU.Build.0 = Debug|Any CPU
		{F6A0625F-B2D8-4D7F-8398-3E37CA5BC854}.Release|Any CPU.ActiveCfg = Release|Any CPU
		{F6A0625F-B2D8-4D7F-8398-3E37CA5BC854}.Release|Any CPU.Build.0 = Release|Any CPU
	EndGlobalSection
	GlobalSection(SolutionProperties) = preSolution
		HideSolutionNode = FALSE
	EndGlobalSection
	GlobalSection(ExtensibilityGlobals) = postSolution
		SolutionGuid = {2FE752A5-FA7C-4DFF-9A64-28AA95D18D25}
	EndGlobalSection
EndGlobal
