
Microsoft Visual Studio Solution File, Format Version 12.00
# Visual Studio Version 17
VisualStudioVersion = 17.7.34202.233
MinimumVisualStudioVersion = 10.0.40219.1
Project("{FAE04EC0-301F-11D3-BF4B-00C04F79EFBC}") = "PipeClient", "PipeClient\PipeClient.csproj", "{BF10B24C-80C4-4C42-A174-E433D7512EA6}"
EndProject
Global
	GlobalSection(SolutionConfigurationPlatforms) = preSolution
		Debug|Any CPU = Debug|Any CPU
		Release|Any CPU = Release|Any CPU
	EndGlobalSection
	GlobalSection(ProjectConfigurationPlatforms) = postSolution
		{BF10B24C-80C4-4C42-A174-E433D7512EA6}.Debug|Any CPU.ActiveCfg = Debug|Any CPU
		{BF10B24C-80C4-4C42-A174-E433D7512EA6}.Debug|Any CPU.Build.0 = Debug|Any CPU
		{BF10B24C-80C4-4C42-A174-E433D7512EA6}.Release|Any CPU.ActiveCfg = Release|Any CPU
		{BF10B24C-80C4-4C42-A174-E433D7512EA6}.Release|Any CPU.Build.0 = Release|Any CPU
	EndGlobalSection
	GlobalSection(SolutionProperties) = preSolution
		HideSolutionNode = FALSE
	EndGlobalSection
	GlobalSection(ExtensibilityGlobals) = postSolution
		SolutionGuid = {7B581EB8-C8E7-4A37-9959-5B996AE5B62B}
	EndGlobalSection
EndGlobal
