
Microsoft Visual Studio Solution File, Format Version 12.00
# Visual Studio Version 17
VisualStudioVersion = 17.1.32319.34
MinimumVisualStudioVersion = 10.0.40219.1
Project("{FAE04EC0-301F-11D3-BF4B-00C04F79EFBC}") = "Future", "Future\Future.csproj", "{0B3F9DF6-E841-4E04-9E74-961479F2A491}"
EndProject
Global
	GlobalSection(SolutionConfigurationPlatforms) = preSolution
		Debug|Any CPU = Debug|Any CPU
		Release|Any CPU = Release|Any CPU
	EndGlobalSection
	GlobalSection(ProjectConfigurationPlatforms) = postSolution
		{0B3F9DF6-E841-4E04-9E74-961479F2A491}.Debug|Any CPU.ActiveCfg = Debug|Any CPU
		{0B3F9DF6-E841-4E04-9E74-961479F2A491}.Debug|Any CPU.Build.0 = Debug|Any CPU
		{0B3F9DF6-E841-4E04-9E74-961479F2A491}.Release|Any CPU.ActiveCfg = Release|Any CPU
		{0B3F9DF6-E841-4E04-9E74-961479F2A491}.Release|Any CPU.Build.0 = Release|Any CPU
	EndGlobalSection
	GlobalSection(SolutionProperties) = preSolution
		HideSolutionNode = FALSE
	EndGlobalSection
	GlobalSection(ExtensibilityGlobals) = postSolution
		SolutionGuid = {9CED3A68-F46A-4BD7-83C8-BDDE03BBB7DB}
	EndGlobalSection
EndGlobal
