
Microsoft Visual Studio Solution File, Format Version 12.00
# Visual Studio Version 17
VisualStudioVersion = 17.1.32319.34
MinimumVisualStudioVersion = 10.0.40219.1
Project("{FAE04EC0-301F-11D3-BF4B-00C04F79EFBC}") = "NullObject", "NullObject\NullObject.csproj", "{2319B6EB-9C64-41B3-8E22-5EE5CBA29988}"
EndProject
Global
	GlobalSection(SolutionConfigurationPlatforms) = preSolution
		Debug|Any CPU = Debug|Any CPU
		Release|Any CPU = Release|Any CPU
	EndGlobalSection
	GlobalSection(ProjectConfigurationPlatforms) = postSolution
		{2319B6EB-9C64-41B3-8E22-5EE5CBA29988}.Debug|Any CPU.ActiveCfg = Debug|Any CPU
		{2319B6EB-9C64-41B3-8E22-5EE5CBA29988}.Debug|Any CPU.Build.0 = Debug|Any CPU
		{2319B6EB-9C64-41B3-8E22-5EE5CBA29988}.Release|Any CPU.ActiveCfg = Release|Any CPU
		{2319B6EB-9C64-41B3-8E22-5EE5CBA29988}.Release|Any CPU.Build.0 = Release|Any CPU
	EndGlobalSection
	GlobalSection(SolutionProperties) = preSolution
		HideSolutionNode = FALSE
	EndGlobalSection
	GlobalSection(ExtensibilityGlobals) = postSolution
		SolutionGuid = {084D4098-00EE-4DF2-B7B9-677066AE4CCE}
	EndGlobalSection
EndGlobal
